<?xml version="1.0" encoding="utf-8"?>
<Project ToolsVersion="17.0" xmlns="http://schemas.microsoft.com/developer/msbuild/2003">
  <ItemGroup>
    <ClCompile Include="C:\Users\WXP\Documents\GitHub\baktsiu\src\app.cpp">
      <Filter>Source Files</Filter>
    </ClCompile>
    <ClCompile Include="C:\Users\WXP\Documents\GitHub\baktsiu\src\colour.cpp">
      <Filter>Source Files</Filter>
    </ClCompile>
    <ClCompile Include="C:\Users\WXP\Documents\GitHub\baktsiu\src\image.cpp">
      <Filter>Source Files</Filter>
    </ClCompile>
    <ClCompile Include="C:\Users\WXP\Documents\GitHub\baktsiu\src\main.cpp">
      <Filter>Source Files</Filter>
    </ClCompile>
    <ClCompile Include="C:\Users\WXP\Documents\GitHub\baktsiu\src\mf_video_reader.cpp">
      <Filter>Source Files</Filter>
    </ClCompile>
    <ClCompile Include="C:\Users\WXP\Documents\GitHub\baktsiu\src\shader.cpp">
      <Filter>Source Files</Filter>
    </ClCompile>
    <ClCompile Include="C:\Users\WXP\Documents\GitHub\baktsiu\src\texture.cpp">
      <Filter>Source Files</Filter>
    </ClCompile>
    <ClCompile Include="C:\Users\WXP\Documents\GitHub\baktsiu\src\texture_pool.cpp">
      <Filter>Source Files</Filter>
    </ClCompile>
    <ClCompile Include="C:\Users\WXP\Documents\GitHub\baktsiu\src\view.cpp">
      <Filter>Source Files</Filter>
    </ClCompile>
    <ClCompile Include="C:\Users\WXP\Documents\GitHub\baktsiu\ext\imgui\imgui.cpp">
      <Filter>External Files\imgui</Filter>
    </ClCompile>
    <ClCompile Include="C:\Users\WXP\Documents\GitHub\baktsiu\ext\imgui\imgui_demo.cpp">
      <Filter>External Files\imgui</Filter>
    </ClCompile>
    <ClCompile Include="C:\Users\WXP\Documents\GitHub\baktsiu\ext\imgui\imgui_draw.cpp">
      <Filter>External Files\imgui</Filter>
    </ClCompile>
    <ClCompile Include="C:\Users\WXP\Documents\GitHub\baktsiu\ext\imgui\imgui_impl_glfw.cpp">
      <Filter>External Files\imgui</Filter>
    </ClCompile>
    <ClCompile Include="C:\Users\WXP\Documents\GitHub\baktsiu\ext\imgui\imgui_impl_opengl3.cpp">
      <Filter>External Files\imgui</Filter>
    </ClCompile>
    <ClCompile Include="C:\Users\WXP\Documents\GitHub\baktsiu\ext\imgui\imgui_widgets.cpp">
      <Filter>External Files\imgui</Filter>
    </ClCompile>
    <ClCompile Include="C:\Users\WXP\Documents\GitHub\baktsiu\ext\gl3w\GL\gl3w.c">
      <Filter>External Files\gl3w</Filter>
    </ClCompile>
    <ClCompile Include="C:\Users\WXP\Documents\GitHub\baktsiu\ext\docopt\docopt.cpp">
      <Filter>External Files\docopt</Filter>
    </ClCompile>
    <ClCompile Include="C:\Users\WXP\Documents\GitHub\baktsiu\build-novideo\src\resources.cpp">
      <Filter>Source Files</Filter>
    </ClCompile>
  </ItemGroup>
  <ItemGroup>
    <ClInclude Include="C:\Users\WXP\Documents\GitHub\baktsiu\src\app.h">
      <Filter>Header Files</Filter>
    </ClInclude>
    <ClInclude Include="C:\Users\WXP\Documents\GitHub\baktsiu\src\colour.h">
      <Filter>Header Files</Filter>
    </ClInclude>
    <ClInclude Include="C:\Users\WXP\Documents\GitHub\baktsiu\src\common.h">
      <Filter>Header Files</Filter>
    </ClInclude>
    <ClInclude Include="C:\Users\WXP\Documents\GitHub\baktsiu\src\image.h">
      <Filter>Header Files</Filter>
    </ClInclude>
    <ClInclude Include="C:\Users\WXP\Documents\GitHub\baktsiu\src\mf_video_reader.h">
      <Filter>Header Files</Filter>
    </ClInclude>
    <ClInclude Include="C:\Users\WXP\Documents\GitHub\baktsiu\src\shader.h">
      <Filter>Header Files</Filter>
    </ClInclude>
    <ClInclude Include="C:\Users\WXP\Documents\GitHub\baktsiu\src\texture.h">
      <Filter>Header Files</Filter>
    </ClInclude>
    <ClInclude Include="C:\Users\WXP\Documents\GitHub\baktsiu\src\texture_pool.h">
      <Filter>Header Files</Filter>
    </ClInclude>
    <ClInclude Include="C:\Users\WXP\Documents\GitHub\baktsiu\src\view.h">
      <Filter>Header Files</Filter>
    </ClInclude>
    <ClInclude Include="C:\Users\WXP\Documents\GitHub\baktsiu\ext\imgui\imconfig.h">
      <Filter>External Files\imgui</Filter>
    </ClInclude>
    <ClInclude Include="C:\Users\WXP\Documents\GitHub\baktsiu\ext\imgui\imgui.h">
      <Filter>External Files\imgui</Filter>
    </ClInclude>
    <ClInclude Include="C:\Users\WXP\Documents\GitHub\baktsiu\ext\imgui\imgui_impl_glfw.h">
      <Filter>External Files\imgui</Filter>
    </ClInclude>
    <ClInclude Include="C:\Users\WXP\Documents\GitHub\baktsiu\ext\imgui\imgui_impl_opengl3.h">
      <Filter>External Files\imgui</Filter>
    </ClInclude>
    <ClInclude Include="C:\Users\WXP\Documents\GitHub\baktsiu\ext\imgui\imgui_internal.h">
      <Filter>External Files\imgui</Filter>
    </ClInclude>
    <ClInclude Include="C:\Users\WXP\Documents\GitHub\baktsiu\ext\imgui\imstb_rectpack.h">
      <Filter>External Files\imgui</Filter>
    </ClInclude>
    <ClInclude Include="C:\Users\WXP\Documents\GitHub\baktsiu\ext\imgui\imstb_textedit.h">
      <Filter>External Files\imgui</Filter>
    </ClInclude>
    <ClInclude Include="C:\Users\WXP\Documents\GitHub\baktsiu\ext\imgui\imstb_truetype.h">
      <Filter>External Files\imgui</Filter>
    </ClInclude>
    <ClInclude Include="C:\Users\WXP\Documents\GitHub\baktsiu\ext\gl3w\GL\gl3w.h">
      <Filter>External Files\gl3w</Filter>
    </ClInclude>
    <ClInclude Include="C:\Users\WXP\Documents\GitHub\baktsiu\ext\gl3w\GL\glcorearb.h">
      <Filter>External Files\gl3w</Filter>
    </ClInclude>
    <ClInclude Include="C:\Users\WXP\Documents\GitHub\baktsiu\ext\docopt\docopt.h">
      <Filter>External Files\docopt</Filter>
    </ClInclude>
    <ClInclude Include="C:\Users\WXP\Documents\GitHub\baktsiu\ext\docopt\docopt_private.h">
      <Filter>External Files\docopt</Filter>
    </ClInclude>
    <ClInclude Include="C:\Users\WXP\Documents\GitHub\baktsiu\ext\docopt\docopt_util.h">
      <Filter>External Files\docopt</Filter>
    </ClInclude>
    <ClInclude Include="C:\Users\WXP\Documents\GitHub\baktsiu\ext\docopt\docopt_value.h">
      <Filter>External Files\docopt</Filter>
    </ClInclude>
    <ClInclude Include="C:\Users\WXP\Documents\GitHub\baktsiu\build-novideo\src\shader_resources.h">
      <Filter>Header Files</Filter>
    </ClInclude>
  </ItemGroup>
  <ItemGroup>
    <CustomBuild Include="C:\Users\WXP\Documents\GitHub\baktsiu\build-novideo\CMakeFiles\d51ada310e0bf6a7f948ebb3c4873787\resources.cpp.rule">
      <Filter>CMake Rules</Filter>
    </CustomBuild>
    <CustomBuild Include="C:\Users\WXP\Documents\GitHub\baktsiu\build-novideo\CMakeFiles\d51ada310e0bf6a7f948ebb3c4873787\shader_resources.h.rule">
      <Filter>CMake Rules</Filter>
    </CustomBuild>
    <CustomBuild Include="C:\Users\WXP\Documents\GitHub\baktsiu\src\CMakeLists.txt" />
  </ItemGroup>
  <ItemGroup>
    <ResourceCompile Include="C:\Users\WXP\Documents\GitHub\baktsiu\resources\icon.rc">
      <Filter>Source Files</Filter>
    </ResourceCompile>
  </ItemGroup>
  <ItemGroup>
    <Filter Include="CMake Rules">
      <UniqueIdentifier>{322B2471-B562-3D37-A79D-C71F7E79C1BB}</UniqueIdentifier>
    </Filter>
    <Filter Include="External Files">
      <UniqueIdentifier>{33E4C022-345A-34B4-8ED2-60BC5347D430}</UniqueIdentifier>
    </Filter>
    <Filter Include="External Files\docopt">
      <UniqueIdentifier>{109B95BA-86CB-3723-B896-E91645D26AE5}</UniqueIdentifier>
    </Filter>
    <Filter Include="External Files\gl3w">
      <UniqueIdentifier>{0857A685-6A01-370F-B2C0-20704FCD687A}</UniqueIdentifier>
    </Filter>
    <Filter Include="External Files\imgui">
      <UniqueIdentifier>{174F51FD-C672-31F8-A5D6-D960336CD770}</UniqueIdentifier>
    </Filter>
    <Filter Include="Header Files">
      <UniqueIdentifier>{0E2AE63C-27DB-3BAE-9902-5B4904B30CD9}</UniqueIdentifier>
    </Filter>
    <Filter Include="Source Files">
      <UniqueIdentifier>{4AA5E0FC-9F78-3D85-93A3-7216A66CA5D8}</UniqueIdentifier>
    </Filter>
  </ItemGroup>
</Project>
