<?xml version="1.0" encoding="utf-8"?>
<Project ToolsVersion="17.0" xmlns="http://schemas.microsoft.com/developer/msbuild/2003">
  <ItemGroup>
    <ClCompile Include="C:\Users\WXP\Documents\GitHub\baktsiu\resources\res2c.cpp">
      <Filter>Source Files</Filter>
    </ClCompile>
    <ClCompile Include="C:\Users\WXP\Documents\GitHub\baktsiu\ext\docopt\docopt.cpp">
      <Filter>External Files\docopt</Filter>
    </ClCompile>
  </ItemGroup>
  <ItemGroup>
    <ClInclude Include="C:\Users\WXP\Documents\GitHub\baktsiu\ext\docopt\docopt.h">
      <Filter>External Files\docopt</Filter>
    </ClInclude>
    <ClInclude Include="C:\Users\WXP\Documents\GitHub\baktsiu\ext\docopt\docopt_private.h">
      <Filter>External Files\docopt</Filter>
    </ClInclude>
    <ClInclude Include="C:\Users\WXP\Documents\GitHub\baktsiu\ext\docopt\docopt_util.h">
      <Filter>External Files\docopt</Filter>
    </ClInclude>
    <ClInclude Include="C:\Users\WXP\Documents\GitHub\baktsiu\ext\docopt\docopt_value.h">
      <Filter>External Files\docopt</Filter>
    </ClInclude>
  </ItemGroup>
  <ItemGroup>
    <CustomBuild Include="C:\Users\WXP\Documents\GitHub\baktsiu\src\CMakeLists.txt" />
  </ItemGroup>
  <ItemGroup>
    <Filter Include="External Files">
      <UniqueIdentifier>{33E4C022-345A-34B4-8ED2-60BC5347D430}</UniqueIdentifier>
    </Filter>
    <Filter Include="External Files\docopt">
      <UniqueIdentifier>{109B95BA-86CB-3723-B896-E91645D26AE5}</UniqueIdentifier>
    </Filter>
    <Filter Include="Source Files">
      <UniqueIdentifier>{4AA5E0FC-9F78-3D85-93A3-7216A66CA5D8}</UniqueIdentifier>
    </Filter>
  </ItemGroup>
</Project>
