
Microsoft Visual Studio Solution File, Format Version 12.00
# Visual Studio Version 17
Project("{2150E333-8FDC-42A3-9474-1A3956D46DE8}") = "CMakePredefinedTargets", "CMakePredefinedTargets", "{F43565FC-E25B-3D50-8D14-42C6AF338E3A}"
EndProject
Project("{2150E333-8FDC-42A3-9474-1A3956D46DE8}") = "Dependencies", "Dependencies", "{2AEFCCBC-2B2F-3B88-92AC-5564A4A2996A}"
EndProject
Project("{8BC9CEB8-8B4A-11D0-8D11-00A0C91BC942}") = "ALL_BUILD", "ALL_BUILD.vcxproj", "{20B7D0CF-9B7D-3A9A-97FA-FDC31F4C3493}"
	ProjectSection(ProjectDependencies) = postProject
		{83788485-B728-3D8D-8B9D-E5AED9D08FAD} = {83788485-B728-3D8D-8B9D-E5AED9D08FAD}
		{5CDAF35C-07FE-30C8-97EA-C829F8E6D637} = {5CDAF35C-07FE-30C8-97EA-C829F8E6D637}
		{CE4E876F-FFE5-377A-89DF-44D9E6B4185C} = {CE4E876F-FFE5-377A-89DF-44D9E6B4185C}
		{884BDFCA-602D-36A0-9A23-F280350D8B68} = {884BDFCA-602D-36A0-9A23-F280350D8B68}
	EndProjectSection
EndProject
Project("{8BC9CEB8-8B4A-11D0-8D11-00A0C91BC942}") = "INSTALL", "INSTALL.vcxproj", "{B4EE6CBD-6FAC-3A4A-9EFF-C5D853B03B9B}"
	ProjectSection(ProjectDependencies) = postProject
		{20B7D0CF-9B7D-3A9A-97FA-FDC31F4C3493} = {20B7D0CF-9B7D-3A9A-97FA-FDC31F4C3493}
		{83788485-B728-3D8D-8B9D-E5AED9D08FAD} = {83788485-B728-3D8D-8B9D-E5AED9D08FAD}
	EndProjectSection
EndProject
Project("{8BC9CEB8-8B4A-11D0-8D11-00A0C91BC942}") = "ZERO_CHECK", "ZERO_CHECK.vcxproj", "{83788485-B728-3D8D-8B9D-E5AED9D08FAD}"
	ProjectSection(ProjectDependencies) = postProject
	EndProjectSection
EndProject
Project("{8BC9CEB8-8B4A-11D0-8D11-00A0C91BC942}") = "baktsiu", "src\baktsiu.vcxproj", "{5CDAF35C-07FE-30C8-97EA-C829F8E6D637}"
	ProjectSection(ProjectDependencies) = postProject
		{83788485-B728-3D8D-8B9D-E5AED9D08FAD} = {83788485-B728-3D8D-8B9D-E5AED9D08FAD}
		{068E7402-5E74-3939-871A-0E30A1C90D87} = {068E7402-5E74-3939-871A-0E30A1C90D87}
		{CE4E876F-FFE5-377A-89DF-44D9E6B4185C} = {CE4E876F-FFE5-377A-89DF-44D9E6B4185C}
		{884BDFCA-602D-36A0-9A23-F280350D8B68} = {884BDFCA-602D-36A0-9A23-F280350D8B68}
	EndProjectSection
EndProject
Project("{8BC9CEB8-8B4A-11D0-8D11-00A0C91BC942}") = "glfw", "ext\glfw\src\glfw.vcxproj", "{068E7402-5E74-3939-871A-0E30A1C90D87}"
	ProjectSection(ProjectDependencies) = postProject
		{83788485-B728-3D8D-8B9D-E5AED9D08FAD} = {83788485-B728-3D8D-8B9D-E5AED9D08FAD}
	EndProjectSection
EndProject
Project("{8BC9CEB8-8B4A-11D0-8D11-00A0C91BC942}") = "res2c", "src\res2c.vcxproj", "{CE4E876F-FFE5-377A-89DF-44D9E6B4185C}"
	ProjectSection(ProjectDependencies) = postProject
		{83788485-B728-3D8D-8B9D-E5AED9D08FAD} = {83788485-B728-3D8D-8B9D-E5AED9D08FAD}
	EndProjectSection
EndProject
Project("{8BC9CEB8-8B4A-11D0-8D11-00A0C91BC942}") = "spdlog", "ext\spdlog\spdlog.vcxproj", "{884BDFCA-602D-36A0-9A23-F280350D8B68}"
	ProjectSection(ProjectDependencies) = postProject
		{83788485-B728-3D8D-8B9D-E5AED9D08FAD} = {83788485-B728-3D8D-8B9D-E5AED9D08FAD}
	EndProjectSection
EndProject
Global
	GlobalSection(SolutionConfigurationPlatforms) = preSolution
		Debug|x64 = Debug|x64
		Release|x64 = Release|x64
		MinSizeRel|x64 = MinSizeRel|x64
		RelWithDebInfo|x64 = RelWithDebInfo|x64
	EndGlobalSection
	GlobalSection(ProjectConfigurationPlatforms) = postSolution
		{20B7D0CF-9B7D-3A9A-97FA-FDC31F4C3493}.Debug|x64.ActiveCfg = Debug|x64
		{20B7D0CF-9B7D-3A9A-97FA-FDC31F4C3493}.Debug|x64.Build.0 = Debug|x64
		{20B7D0CF-9B7D-3A9A-97FA-FDC31F4C3493}.Release|x64.ActiveCfg = Release|x64
		{20B7D0CF-9B7D-3A9A-97FA-FDC31F4C3493}.Release|x64.Build.0 = Release|x64
		{20B7D0CF-9B7D-3A9A-97FA-FDC31F4C3493}.MinSizeRel|x64.ActiveCfg = MinSizeRel|x64
		{20B7D0CF-9B7D-3A9A-97FA-FDC31F4C3493}.MinSizeRel|x64.Build.0 = MinSizeRel|x64
		{20B7D0CF-9B7D-3A9A-97FA-FDC31F4C3493}.RelWithDebInfo|x64.ActiveCfg = RelWithDebInfo|x64
		{20B7D0CF-9B7D-3A9A-97FA-FDC31F4C3493}.RelWithDebInfo|x64.Build.0 = RelWithDebInfo|x64
		{B4EE6CBD-6FAC-3A4A-9EFF-C5D853B03B9B}.Debug|x64.ActiveCfg = Debug|x64
		{B4EE6CBD-6FAC-3A4A-9EFF-C5D853B03B9B}.Release|x64.ActiveCfg = Release|x64
		{B4EE6CBD-6FAC-3A4A-9EFF-C5D853B03B9B}.MinSizeRel|x64.ActiveCfg = MinSizeRel|x64
		{B4EE6CBD-6FAC-3A4A-9EFF-C5D853B03B9B}.RelWithDebInfo|x64.ActiveCfg = RelWithDebInfo|x64
		{83788485-B728-3D8D-8B9D-E5AED9D08FAD}.Debug|x64.ActiveCfg = Debug|x64
		{83788485-B728-3D8D-8B9D-E5AED9D08FAD}.Debug|x64.Build.0 = Debug|x64
		{83788485-B728-3D8D-8B9D-E5AED9D08FAD}.Release|x64.ActiveCfg = Release|x64
		{83788485-B728-3D8D-8B9D-E5AED9D08FAD}.Release|x64.Build.0 = Release|x64
		{83788485-B728-3D8D-8B9D-E5AED9D08FAD}.MinSizeRel|x64.ActiveCfg = MinSizeRel|x64
		{83788485-B728-3D8D-8B9D-E5AED9D08FAD}.MinSizeRel|x64.Build.0 = MinSizeRel|x64
		{83788485-B728-3D8D-8B9D-E5AED9D08FAD}.RelWithDebInfo|x64.ActiveCfg = RelWithDebInfo|x64
		{83788485-B728-3D8D-8B9D-E5AED9D08FAD}.RelWithDebInfo|x64.Build.0 = RelWithDebInfo|x64
		{5CDAF35C-07FE-30C8-97EA-C829F8E6D637}.Debug|x64.ActiveCfg = Debug|x64
		{5CDAF35C-07FE-30C8-97EA-C829F8E6D637}.Debug|x64.Build.0 = Debug|x64
		{5CDAF35C-07FE-30C8-97EA-C829F8E6D637}.Release|x64.ActiveCfg = Release|x64
		{5CDAF35C-07FE-30C8-97EA-C829F8E6D637}.Release|x64.Build.0 = Release|x64
		{5CDAF35C-07FE-30C8-97EA-C829F8E6D637}.MinSizeRel|x64.ActiveCfg = MinSizeRel|x64
		{5CDAF35C-07FE-30C8-97EA-C829F8E6D637}.MinSizeRel|x64.Build.0 = MinSizeRel|x64
		{5CDAF35C-07FE-30C8-97EA-C829F8E6D637}.RelWithDebInfo|x64.ActiveCfg = RelWithDebInfo|x64
		{5CDAF35C-07FE-30C8-97EA-C829F8E6D637}.RelWithDebInfo|x64.Build.0 = RelWithDebInfo|x64
		{068E7402-5E74-3939-871A-0E30A1C90D87}.Debug|x64.ActiveCfg = Debug|x64
		{068E7402-5E74-3939-871A-0E30A1C90D87}.Debug|x64.Build.0 = Debug|x64
		{068E7402-5E74-3939-871A-0E30A1C90D87}.Release|x64.ActiveCfg = Release|x64
		{068E7402-5E74-3939-871A-0E30A1C90D87}.Release|x64.Build.0 = Release|x64
		{068E7402-5E74-3939-871A-0E30A1C90D87}.MinSizeRel|x64.ActiveCfg = MinSizeRel|x64
		{068E7402-5E74-3939-871A-0E30A1C90D87}.MinSizeRel|x64.Build.0 = MinSizeRel|x64
		{068E7402-5E74-3939-871A-0E30A1C90D87}.RelWithDebInfo|x64.ActiveCfg = RelWithDebInfo|x64
		{068E7402-5E74-3939-871A-0E30A1C90D87}.RelWithDebInfo|x64.Build.0 = RelWithDebInfo|x64
		{CE4E876F-FFE5-377A-89DF-44D9E6B4185C}.Debug|x64.ActiveCfg = Debug|x64
		{CE4E876F-FFE5-377A-89DF-44D9E6B4185C}.Debug|x64.Build.0 = Debug|x64
		{CE4E876F-FFE5-377A-89DF-44D9E6B4185C}.Release|x64.ActiveCfg = Release|x64
		{CE4E876F-FFE5-377A-89DF-44D9E6B4185C}.Release|x64.Build.0 = Release|x64
		{CE4E876F-FFE5-377A-89DF-44D9E6B4185C}.MinSizeRel|x64.ActiveCfg = MinSizeRel|x64
		{CE4E876F-FFE5-377A-89DF-44D9E6B4185C}.MinSizeRel|x64.Build.0 = MinSizeRel|x64
		{CE4E876F-FFE5-377A-89DF-44D9E6B4185C}.RelWithDebInfo|x64.ActiveCfg = RelWithDebInfo|x64
		{CE4E876F-FFE5-377A-89DF-44D9E6B4185C}.RelWithDebInfo|x64.Build.0 = RelWithDebInfo|x64
		{884BDFCA-602D-36A0-9A23-F280350D8B68}.Debug|x64.ActiveCfg = Debug|x64
		{884BDFCA-602D-36A0-9A23-F280350D8B68}.Debug|x64.Build.0 = Debug|x64
		{884BDFCA-602D-36A0-9A23-F280350D8B68}.Release|x64.ActiveCfg = Release|x64
		{884BDFCA-602D-36A0-9A23-F280350D8B68}.Release|x64.Build.0 = Release|x64
		{884BDFCA-602D-36A0-9A23-F280350D8B68}.MinSizeRel|x64.ActiveCfg = MinSizeRel|x64
		{884BDFCA-602D-36A0-9A23-F280350D8B68}.MinSizeRel|x64.Build.0 = MinSizeRel|x64
		{884BDFCA-602D-36A0-9A23-F280350D8B68}.RelWithDebInfo|x64.ActiveCfg = RelWithDebInfo|x64
		{884BDFCA-602D-36A0-9A23-F280350D8B68}.RelWithDebInfo|x64.Build.0 = RelWithDebInfo|x64
	EndGlobalSection
	GlobalSection(NestedProjects) = preSolution
		{20B7D0CF-9B7D-3A9A-97FA-FDC31F4C3493} = {F43565FC-E25B-3D50-8D14-42C6AF338E3A}
		{B4EE6CBD-6FAC-3A4A-9EFF-C5D853B03B9B} = {F43565FC-E25B-3D50-8D14-42C6AF338E3A}
		{83788485-B728-3D8D-8B9D-E5AED9D08FAD} = {F43565FC-E25B-3D50-8D14-42C6AF338E3A}
		{068E7402-5E74-3939-871A-0E30A1C90D87} = {2AEFCCBC-2B2F-3B88-92AC-5564A4A2996A}
		{884BDFCA-602D-36A0-9A23-F280350D8B68} = {2AEFCCBC-2B2F-3B88-92AC-5564A4A2996A}
	EndGlobalSection
	GlobalSection(ExtensibilityGlobals) = postSolution
		SolutionGuid = {F63CD184-9C47-3305-8F01-4538EF8ABC46}
	EndGlobalSection
	GlobalSection(ExtensibilityAddIns) = postSolution
	EndGlobalSection
EndGlobal
